# THIS IS AN AUTOGENERATED FILE. DO NOT EDIT THIS FILE DIRECTLY.
# yarn lockfile v1


"@babel/code-frame@^7.0.0":
  version "7.24.7"
  resolved "https://registry-npm.rd.chanjet.com/@babel/code-frame/download/@babel/code-frame-7.24.7.tgz#882fd9e09e8ee324e496bd040401c6f046ef4465"
  integrity sha1-iC/Z4J6O4yTklr0EBAHG8EbvRGU=
  dependencies:
    "@babel/highlight" "^7.24.7"
    picocolors "^1.0.0"

"@babel/helper-validator-identifier@^7.24.7":
  version "7.25.7"
  resolved "https://registry-npm.rd.chanjet.com/@babel/helper-validator-identifier/download/@babel/helper-validator-identifier-7.25.7.tgz#77b7f60c40b15c97df735b38a66ba1d7c3e93da5"
  integrity sha1-d7f2DECxXJffc1s4pmuh18PpPaU=

"@babel/highlight@^7.24.7":
  version "7.24.7"
  resolved "https://registry-npm.rd.chanjet.com/@babel/highlight/download/@babel/highlight-7.24.7.tgz#a05ab1df134b286558aae0ed41e6c5f731bf409d"
  integrity sha1-oFqx3xNLKGVYquDtQebF9zG/QJ0=
  dependencies:
    "@babel/helper-validator-identifier" "^7.24.7"
    chalk "^2.4.2"
    js-tokens "^4.0.0"
    picocolors "^1.0.0"

"@puppeteer/browsers@2.2.3":
  version "2.2.3"
  resolved "https://registry-npm.rd.chanjet.com/@puppeteer/browsers/download/@puppeteer/browsers-2.2.3.tgz#ad6b79129c50825e77ddaba082680f4dad0b674e"
  integrity sha1-rWt5EpxQgl533auggmgPTa0LZ04=
  dependencies:
    debug "4.3.4"
    extract-zip "2.0.1"
    progress "2.0.3"
    proxy-agent "6.4.0"
    semver "7.6.0"
    tar-fs "3.0.5"
    unbzip2-stream "1.4.3"
    yargs "17.7.2"

"@tootallnate/quickjs-emscripten@^0.23.0":
  version "0.23.0"
  resolved "https://registry-npm.rd.chanjet.com/@tootallnate/quickjs-emscripten/download/@tootallnate/quickjs-emscripten-0.23.0.tgz#db4ecfd499a9765ab24002c3b696d02e6d32a12c"
  integrity sha1-207P1JmpdlqyQALDtpbQLm0yoSw=

"@types/node@*", "@types/node@^22.9.0":
  version "22.9.0"
  resolved "https://registry-npm.rd.chanjet.com/@types/node/download/@types/node-22.9.0.tgz#b7f16e5c3384788542c72dc3d561a7ceae2c0365"
  integrity sha1-t/FuXDOEeIVCxy3D1WGnzq4sA2U=
  dependencies:
    undici-types "~6.19.8"

"@types/yauzl@^2.9.1":
  version "2.9.2"
  resolved "https://registry-npm.rd.chanjet.com/@types/yauzl/download/@types/yauzl-2.9.2.tgz#c48e5d56aff1444409e39fa164b0b4d4552a7b7a"
  integrity sha1-xI5dVq/xREQJ45+hZLC01FUqe3o=
  dependencies:
    "@types/node" "*"

agent-base@^7.0.2, agent-base@^7.1.0, agent-base@^7.1.1:
  version "7.1.1"
  resolved "https://registry-npm.rd.chanjet.com/agent-base/download/agent-base-7.1.1.tgz#bdbded7dfb096b751a2a087eeeb9664725b2e317"
  integrity sha1-vb3tffsJa3UaKgh+7rlmRyWy4xc=
  dependencies:
    debug "^4.3.4"

ansi-regex@^5.0.1:
  version "5.0.1"
  resolved "https://registry-npm.rd.chanjet.com/ansi-regex/download/ansi-regex-5.0.1.tgz#082cb2c89c9fe8659a311a53bd6a4dc5301db304"
  integrity sha1-CCyyyJyf6GWaMRpTvWpNxTAdswQ=

ansi-styles@^3.2.1:
  version "3.2.1"
  resolved "https://registry-npm.rd.chanjet.com/ansi-styles/download/ansi-styles-3.2.1.tgz#41fbb20243e50b12be0f04b8dedbf07520ce841d"
  integrity sha1-QfuyAkPlCxK+DwS43tvwdSDOhB0=
  dependencies:
    color-convert "^1.9.0"

ansi-styles@^4.0.0:
  version "4.3.0"
  resolved "https://registry-npm.rd.chanjet.com/ansi-styles/download/ansi-styles-4.3.0.tgz#edd803628ae71c04c85ae7a0906edad34b648937"
  integrity sha1-7dgDYornHATIWuegkG7a00tkiTc=
  dependencies:
    color-convert "^2.0.1"

argparse@^2.0.1:
  version "2.0.1"
  resolved "https://registry-npm.rd.chanjet.com/argparse/download/argparse-2.0.1.tgz#246f50f3ca78a3240f6c997e8a9bd1eac49e4b38"
  integrity sha1-JG9Q88p4oyQPbJl+ipvR6sSeSzg=

array-back@^3.0.1, array-back@^3.1.0:
  version "3.1.0"
  resolved "https://registry-npm.rd.chanjet.com/array-back/download/array-back-3.1.0.tgz#b8859d7a508871c9a7b2cf42f99428f65e96bfb0"
  integrity sha1-uIWdelCIccmnss9C+ZQo9l6Wv7A=

array-back@^4.0.1, array-back@^4.0.2:
  version "4.0.2"
  resolved "https://registry-npm.rd.chanjet.com/array-back/download/array-back-4.0.2.tgz#8004e999a6274586beeb27342168652fdb89fa1e"
  integrity sha1-gATpmaYnRYa+6yc0IWhlL9uJ+h4=

ast-types@^0.13.4:
  version "0.13.4"
  resolved "https://registry-npm.rd.chanjet.com/ast-types/download/ast-types-0.13.4.tgz#ee0d77b343263965ecc3fb62da16e7222b2b6782"
  integrity sha1-7g13s0MmOWXsw/ti2hbnIisrZ4I=
  dependencies:
    tslib "^2.0.1"

b4a@^1.6.4:
  version "1.6.6"
  resolved "https://registry-npm.rd.chanjet.com/b4a/download/b4a-1.6.6.tgz#a4cc349a3851987c3c4ac2d7785c18744f6da9ba"
  integrity sha1-pMw0mjhRmHw8SsLXeFwYdE9tqbo=

bare-events@^2.0.0, bare-events@^2.2.0:
  version "2.4.2"
  resolved "https://registry-npm.rd.chanjet.com/bare-events/download/bare-events-2.4.2.tgz#3140cca7a0e11d49b3edc5041ab560659fd8e1f8"
  integrity sha1-MUDMp6DhHUmz7cUEGrVgZZ/Y4fg=

bare-fs@^2.1.1:
  version "2.3.1"
  resolved "https://registry-npm.rd.chanjet.com/bare-fs/download/bare-fs-2.3.1.tgz#cdbd63dac7a552dfb2b87d18c822298d1efd213d"
  integrity sha1-zb1j2selUt+yuH0YyCIpjR79IT0=
  dependencies:
    bare-events "^2.0.0"
    bare-path "^2.0.0"
    bare-stream "^2.0.0"

bare-os@^2.1.0:
  version "2.4.0"
  resolved "https://registry-npm.rd.chanjet.com/bare-os/download/bare-os-2.4.0.tgz#5de5e3ba7704f459c9656629edca7cc736e06608"
  integrity sha1-XeXjuncE9FnJZWYp7cp8xzbgZgg=

bare-path@^2.0.0, bare-path@^2.1.0:
  version "2.1.3"
  resolved "https://registry-npm.rd.chanjet.com/bare-path/download/bare-path-2.1.3.tgz#594104c829ef660e43b5589ec8daef7df6cedb3e"
  integrity sha1-WUEEyCnvZg5DtVieyNrvffbO2z4=
  dependencies:
    bare-os "^2.1.0"

bare-stream@^2.0.0:
  version "2.1.3"
  resolved "https://registry-npm.rd.chanjet.com/bare-stream/download/bare-stream-2.1.3.tgz#070b69919963a437cc9e20554ede079ce0a129b2"
  integrity sha1-BwtpkZljpDfMniBVTt4HnOChKbI=
  dependencies:
    streamx "^2.18.0"

base64-js@^1.3.1:
  version "1.5.1"
  resolved "https://registry-npm.rd.chanjet.com/base64-js/download/base64-js-1.5.1.tgz#1b1b440160a5bf7ad40b650f095963481903930a"
  integrity sha1-GxtEAWClv3rUC2UPCVljSBkDkwo=

basic-ftp@^5.0.2:
  version "5.0.3"
  resolved "https://registry-npm.rd.chanjet.com/basic-ftp/download/basic-ftp-5.0.3.tgz#b14c0fe8111ce001ec913686434fe0c2fb461228"
  integrity sha1-sUwP6BEc4AHskTaGQ0/gwvtGEig=

buffer-crc32@~0.2.3:
  version "0.2.13"
  resolved "https://registry-npm.rd.chanjet.com/buffer-crc32/download/buffer-crc32-0.2.13.tgz#0d333e3f00eac50aa1454abd30ef8c2a5d9a7242"
  integrity sha1-DTM+PwDqxQqhRUq9MO+MKl2ackI=

buffer@^5.2.1:
  version "5.7.1"
  resolved "https://registry-npm.rd.chanjet.com/buffer/download/buffer-5.7.1.tgz#ba62e7c13133053582197160851a8f648e99eed0"
  integrity sha1-umLnwTEzBTWCGXFghRqPZI6Z7tA=
  dependencies:
    base64-js "^1.3.1"
    ieee754 "^1.1.13"

callsites@^3.0.0:
  version "3.1.0"
  resolved "https://registry-npm.rd.chanjet.com/callsites/download/callsites-3.1.0.tgz#b3630abd8943432f54b3f0519238e33cd7df2f73"
  integrity sha1-s2MKvYlDQy9Us/BRkjjjPNffL3M=

chalk@^2.4.2:
  version "2.4.2"
  resolved "https://registry-npm.rd.chanjet.com/chalk/download/chalk-2.4.2.tgz#cd42541677a54333cf541a49108c1432b44c9424"
  integrity sha1-zUJUFnelQzPPVBpJEIwUMrRMlCQ=
  dependencies:
    ansi-styles "^3.2.1"
    escape-string-regexp "^1.0.5"
    supports-color "^5.3.0"

chromium-bidi@0.5.24:
  version "0.5.24"
  resolved "https://registry-npm.rd.chanjet.com/chromium-bidi/download/chromium-bidi-0.5.24.tgz#0fe672fa30b1e6bcc63ae818442b21c41849c435"
  integrity sha1-D+Zy+jCx5rzGOugYRCshxBhJxDU=
  dependencies:
    mitt "3.0.1"
    urlpattern-polyfill "10.0.0"
    zod "3.23.8"

cliui@^8.0.1:
  version "8.0.1"
  resolved "https://registry-npm.rd.chanjet.com/cliui/download/cliui-8.0.1.tgz#0c04b075db02cbfe60dc8e6cf2f5486b1a3608aa"
  integrity sha1-DASwddsCy/5g3I5s8vVIaxo2CKo=
  dependencies:
    string-width "^4.2.0"
    strip-ansi "^6.0.1"
    wrap-ansi "^7.0.0"

color-convert@^1.9.0:
  version "1.9.3"
  resolved "https://registry-npm.rd.chanjet.com/color-convert/download/color-convert-1.9.3.tgz#bb71850690e1f136567de629d2d5471deda4c1e8"
  integrity sha1-u3GFBpDh8TZWfeYp0tVHHe2kweg=
  dependencies:
    color-name "1.1.3"

color-convert@^2.0.1:
  version "2.0.1"
  resolved "https://registry-npm.rd.chanjet.com/color-convert/download/color-convert-2.0.1.tgz#72d3a68d598c9bdb3af2ad1e84f21d896abd4de3"
  integrity sha1-ctOmjVmMm9s68q0ehPIdiWq9TeM=
  dependencies:
    color-name "~1.1.4"

color-name@1.1.3:
  version "1.1.3"
  resolved "https://registry-npm.rd.chanjet.com/color-name/download/color-name-1.1.3.tgz#a7d0558bd89c42f795dd42328f740831ca53bc25"
  integrity sha1-p9BVi9icQveV3UIyj3QIMcpTvCU=

color-name@~1.1.4:
  version "1.1.4"
  resolved "https://registry-npm.rd.chanjet.com/color-name/download/color-name-1.1.4.tgz#c2a09a87acbde69543de6f63fa3995c826c536a2"
  integrity sha1-wqCah6y95pVD3m9j+jmVyCbFNqI=

command-line-args@^5.2.0:
  version "5.2.1"
  resolved "https://registry-npm.rd.chanjet.com/command-line-args/download/command-line-args-5.2.1.tgz#c44c32e437a57d7c51157696893c5909e9cec42e"
  integrity sha1-xEwy5DelfXxRFXaWiTxZCenOxC4=
  dependencies:
    array-back "^3.1.0"
    find-replace "^3.0.0"
    lodash.camelcase "^4.3.0"
    typical "^4.0.0"

command-line-usage@^6.1.1:
  version "6.1.3"
  resolved "https://registry-npm.rd.chanjet.com/command-line-usage/download/command-line-usage-6.1.3.tgz#428fa5acde6a838779dfa30e44686f4b6761d957"
  integrity sha1-Qo+lrN5qg4d536MORGhvS2dh2Vc=
  dependencies:
    array-back "^4.0.2"
    chalk "^2.4.2"
    table-layout "^1.0.2"
    typical "^5.2.0"

cosmiconfig@^9.0.0:
  version "9.0.0"
  resolved "https://registry-npm.rd.chanjet.com/cosmiconfig/download/cosmiconfig-9.0.0.tgz#34c3fc58287b915f3ae905ab6dc3de258b55ad9d"
  integrity sha1-NMP8WCh7kV866QWrbcPeJYtVrZ0=
  dependencies:
    env-paths "^2.2.1"
    import-fresh "^3.3.0"
    js-yaml "^4.1.0"
    parse-json "^5.2.0"

cross-spawn@^5.0.1:
  version "5.1.0"
  resolved "https://registry-npm.rd.chanjet.com/cross-spawn/download/cross-spawn-5.1.0.tgz#e8bd0efee58fcff6f8f94510a0a554bbfa235449"
  integrity sha1-6L0O/uWPz/b4+UUQoKVUu/ojVEk=
  dependencies:
    lru-cache "^4.0.1"
    shebang-command "^1.2.0"
    which "^1.2.9"

data-uri-to-buffer@^6.0.0:
  version "6.0.1"
  resolved "https://registry-npm.rd.chanjet.com/data-uri-to-buffer/download/data-uri-to-buffer-6.0.1.tgz#540bd4c8753a25ee129035aebdedf63b078703c7"
  integrity sha1-VAvUyHU6Je4SkDWuve32OweHA8c=

debug@4, debug@^4.1.1, debug@^4.3.4, debug@^4.3.5:
  version "4.3.7"
  resolved "https://registry-npm.rd.chanjet.com/debug/download/debug-4.3.7.tgz#87945b4151a011d76d95a198d7111c865c360a52"
  integrity sha1-h5RbQVGgEddtlaGY1xEchlw2ClI=
  dependencies:
    ms "^2.1.3"

debug@4.3.4:
  version "4.3.4"
  resolved "https://registry-npm.rd.chanjet.com/debug/download/debug-4.3.4.tgz#1319f6579357f2338d3337d2cdd4914bb5dcc865"
  integrity sha1-Exn2V5NX8jONMzfSzdSRS7XcyGU=
  dependencies:
    ms "2.1.2"

deep-extend@~0.6.0:
  version "0.6.0"
  resolved "https://registry-npm.rd.chanjet.com/deep-extend/download/deep-extend-0.6.0.tgz#c4fa7c95404a17a9c3e8ca7e1537312b736330ac"
  integrity sha1-xPp8lUBKF6nD6Mp+FTcxK3NjMKw=

degenerator@^5.0.0:
  version "5.0.1"
  resolved "https://registry-npm.rd.chanjet.com/degenerator/download/degenerator-5.0.1.tgz#9403bf297c6dad9a1ece409b37db27954f91f2f5"
  integrity sha1-lAO/KXxtrZoezkCbN9snlU+R8vU=
  dependencies:
    ast-types "^0.13.4"
    escodegen "^2.1.0"
    esprima "^4.0.1"

devtools-protocol@0.0.1299070:
  version "0.0.1299070"
  resolved "https://registry-npm.rd.chanjet.com/devtools-protocol/download/devtools-protocol-0.0.1299070.tgz#b3e4cf0b678a46f0f907ae6e07e03ad3a53c00df"
  integrity sha1-s+TPC2eKRvD5B65uB+A606U8AN8=

emoji-regex@^8.0.0:
  version "8.0.0"
  resolved "https://registry-npm.rd.chanjet.com/emoji-regex/download/emoji-regex-8.0.0.tgz#e818fd69ce5ccfcb404594f842963bf53164cc37"
  integrity sha1-6Bj9ac5cz8tARZT4QpY79TFkzDc=

end-of-stream@^1.1.0:
  version "1.4.4"
  resolved "https://registry-npm.rd.chanjet.com/end-of-stream/download/end-of-stream-1.4.4.tgz#5ae64a5f45057baf3626ec14da0ca5e4b2431eb0"
  integrity sha1-WuZKX0UFe682JuwU2gyl5LJDHrA=
  dependencies:
    once "^1.4.0"

env-paths@^2.2.1:
  version "2.2.1"
  resolved "https://registry-npm.rd.chanjet.com/env-paths/download/env-paths-2.2.1.tgz#420399d416ce1fbe9bc0a07c62fa68d67fd0f8f2"
  integrity sha1-QgOZ1BbOH76bwKB8Yvpo1n/Q+PI=

error-ex@^1.3.1:
  version "1.3.2"
  resolved "https://registry-npm.rd.chanjet.com/error-ex/download/error-ex-1.3.2.tgz#b4ac40648107fdcdcfae242f428bea8a14d4f1bf"
  integrity sha1-tKxAZIEH/c3PriQvQovqihTU8b8=
  dependencies:
    is-arrayish "^0.2.1"

escalade@^3.1.1:
  version "3.1.2"
  resolved "https://registry-npm.rd.chanjet.com/escalade/download/escalade-3.1.2.tgz#54076e9ab29ea5bf3d8f1ed62acffbb88272df27"
  integrity sha1-VAdumrKepb89jx7WKs/7uIJy3yc=

escape-string-regexp@^1.0.5:
  version "1.0.5"
  resolved "https://registry-npm.rd.chanjet.com/escape-string-regexp/download/escape-string-regexp-1.0.5.tgz#1b61c0562190a8dff6ae3bb2cf0200ca130b86d4"
  integrity sha1-G2HAViGQqN/2rjuyzwIAyhMLhtQ=

escodegen@^2.1.0:
  version "2.1.0"
  resolved "https://registry-npm.rd.chanjet.com/escodegen/download/escodegen-2.1.0.tgz#ba93bbb7a43986d29d6041f99f5262da773e2e17"
  integrity sha1-upO7t6Q5htKdYEH5n1Ji2nc+Lhc=
  dependencies:
    esprima "^4.0.1"
    estraverse "^5.2.0"
    esutils "^2.0.2"
  optionalDependencies:
    source-map "~0.6.1"

esprima@^4.0.1:
  version "4.0.1"
  resolved "https://registry-npm.rd.chanjet.com/esprima/download/esprima-4.0.1.tgz#13b04cdb3e6c5d19df91ab6987a8695619b0aa71"
  integrity sha1-E7BM2z5sXRnfkatph6hpVhmwqnE=

estraverse@^5.2.0:
  version "5.3.0"
  resolved "https://registry-npm.rd.chanjet.com/estraverse/download/estraverse-5.3.0.tgz#2eea5290702f26ab8fe5370370ff86c965d21123"
  integrity sha1-LupSkHAvJquP5TcDcP+GyWXSESM=

esutils@^2.0.2:
  version "2.0.3"
  resolved "https://registry-npm.rd.chanjet.com/esutils/download/esutils-2.0.3.tgz#74d2eb4de0b8da1293711910d50775b9b710ef64"
  integrity sha1-dNLrTeC42hKTcRkQ1Qd1ubcQ72Q=

execa@^0.7.0:
  version "0.7.0"
  resolved "https://registry-npm.rd.chanjet.com/execa/download/execa-0.7.0.tgz#944becd34cc41ee32a63a9faf27ad5a65fc59777"
  integrity sha1-lEvs00zEHuMqY6n68nrVpl/Fl3c=
  dependencies:
    cross-spawn "^5.0.1"
    get-stream "^3.0.0"
    is-stream "^1.1.0"
    npm-run-path "^2.0.0"
    p-finally "^1.0.0"
    signal-exit "^3.0.0"
    strip-eof "^1.0.0"

extract-zip@2.0.1:
  version "2.0.1"
  resolved "https://registry-npm.rd.chanjet.com/extract-zip/download/extract-zip-2.0.1.tgz#663dca56fe46df890d5f131ef4a06d22bb8ba13a"
  integrity sha1-Zj3KVv5G34kNXxMe9KBtIruLoTo=
  dependencies:
    debug "^4.1.1"
    get-stream "^5.1.0"
    yauzl "^2.10.0"
  optionalDependencies:
    "@types/yauzl" "^2.9.1"

fast-fifo@^1.2.0, fast-fifo@^1.3.2:
  version "1.3.2"
  resolved "https://registry-npm.rd.chanjet.com/fast-fifo/download/fast-fifo-1.3.2.tgz#286e31de96eb96d38a97899815740ba2a4f3640c"
  integrity sha1-KG4x3pbrltOKl4mYFXQLoqTzZAw=

fd-slicer@~1.1.0:
  version "1.1.0"
  resolved "https://registry-npm.rd.chanjet.com/fd-slicer/download/fd-slicer-1.1.0.tgz#25c7c89cb1f9077f8891bbe61d8f390eae256f1e"
  integrity sha1-JcfInLH5B3+IkbvmHY85Dq4lbx4=
  dependencies:
    pend "~1.2.0"

find-replace@^3.0.0:
  version "3.0.0"
  resolved "https://registry-npm.rd.chanjet.com/find-replace/download/find-replace-3.0.0.tgz#3e7e23d3b05167a76f770c9fbd5258b0def68c38"
  integrity sha1-Pn4j07BRZ6dvdwyfvVJYsN72jDg=
  dependencies:
    array-back "^3.0.1"

fs-extra@^8.1.0:
  version "8.1.0"
  resolved "https://registry-npm.rd.chanjet.com/fs-extra/download/fs-extra-8.1.0.tgz#49d43c45a88cd9677668cb7be1b46efdb8d2e1c0"
  integrity sha1-SdQ8RaiM2Wd2aMt74bRu/bjS4cA=
  dependencies:
    graceful-fs "^4.2.0"
    jsonfile "^4.0.0"
    universalify "^0.1.0"

get-caller-file@^2.0.5:
  version "2.0.5"
  resolved "https://registry-npm.rd.chanjet.com/get-caller-file/download/get-caller-file-2.0.5.tgz#4f94412a82db32f36e3b0b9741f8a97feb031f7e"
  integrity sha1-T5RBKoLbMvNuOwuXQfipf+sDH34=

get-stream@^3.0.0:
  version "3.0.0"
  resolved "https://registry-npm.rd.chanjet.com/get-stream/download/get-stream-3.0.0.tgz#8e943d1358dc37555054ecbe2edb05aa174ede14"
  integrity sha1-jpQ9E1jcN1VQVOy+LtsFqhdO3hQ=

get-stream@^5.1.0:
  version "5.2.0"
  resolved "https://registry-npm.rd.chanjet.com/get-stream/download/get-stream-5.2.0.tgz#4966a1795ee5ace65e706c4b7beb71257d6e22d3"
  integrity sha1-SWaheV7lrOZecGxLe+txJX1uItM=
  dependencies:
    pump "^3.0.0"

get-uri@^6.0.1:
  version "6.0.2"
  resolved "https://registry-npm.rd.chanjet.com/get-uri/download/get-uri-6.0.2.tgz#e019521646f4a8ff6d291fbaea2c46da204bb75b"
  integrity sha1-4BlSFkb0qP9tKR+66ixG2iBLt1s=
  dependencies:
    basic-ftp "^5.0.2"
    data-uri-to-buffer "^6.0.0"
    debug "^4.3.4"
    fs-extra "^8.1.0"

graceful-fs@^4.1.6, graceful-fs@^4.2.0:
  version "4.2.11"
  resolved "https://registry-npm.rd.chanjet.com/graceful-fs/download/graceful-fs-4.2.11.tgz#4183e4e8bf08bb6e05bbb2f7d2e0c8f712ca40e3"
  integrity sha1-QYPk6L8Iu24Fu7L30uDI9xLKQOM=

has-flag@^3.0.0:
  version "3.0.0"
  resolved "https://registry-npm.rd.chanjet.com/has-flag/download/has-flag-3.0.0.tgz#b5d454dc2199ae225699f3467e5a07f3b955bafd"
  integrity sha1-tdRU3CGZriJWmfNGfloH87lVuv0=

http-proxy-agent@^7.0.0, http-proxy-agent@^7.0.1:
  version "7.0.2"
  resolved "https://registry-npm.rd.chanjet.com/http-proxy-agent/download/http-proxy-agent-7.0.2.tgz#9a8b1f246866c028509486585f62b8f2c18c270e"
  integrity sha1-mosfJGhmwChQlIZYX2K48sGMJw4=
  dependencies:
    agent-base "^7.1.0"
    debug "^4.3.4"

https-proxy-agent@^7.0.2, https-proxy-agent@^7.0.3:
  version "7.0.5"
  resolved "https://registry-npm.rd.chanjet.com/https-proxy-agent/download/https-proxy-agent-7.0.5.tgz#9e8b5013873299e11fab6fd548405da2d6c602b2"
  integrity sha1-notQE4cymeEfq2/VSEBdotbGArI=
  dependencies:
    agent-base "^7.0.2"
    debug "4"

ieee754@^1.1.13:
  version "1.2.1"
  resolved "https://registry-npm.rd.chanjet.com/ieee754/download/ieee754-1.2.1.tgz#8eb7a10a63fff25d15a57b001586d177d1b0d352"
  integrity sha1-jrehCmP/8l0VpXsAFYbRd9Gw01I=

import-fresh@^3.3.0:
  version "3.3.0"
  resolved "https://registry-npm.rd.chanjet.com/import-fresh/download/import-fresh-3.3.0.tgz#37162c25fcb9ebaa2e6e53d5b4d88ce17d9e0c2b"
  integrity sha1-NxYsJfy566oublPVtNiM4X2eDCs=
  dependencies:
    parent-module "^1.0.0"
    resolve-from "^4.0.0"

ip-address@^9.0.5:
  version "9.0.5"
  resolved "https://registry-npm.rd.chanjet.com/ip-address/download/ip-address-9.0.5.tgz#117a960819b08780c3bd1f14ef3c1cc1d3f3ea5a"
  integrity sha1-EXqWCBmwh4DDvR8U7zwcwdPz6lo=
  dependencies:
    jsbn "1.1.0"
    sprintf-js "^1.1.3"

ip@^1.1.8:
  version "1.1.9"
  resolved "https://registry-npm.rd.chanjet.com/ip/download/ip-1.1.9.tgz#8dfbcc99a754d07f425310b86a99546b1151e396"
  integrity sha1-jfvMmadU0H9CUxC4aplUaxFR45Y=

is-arrayish@^0.2.1:
  version "0.2.1"
  resolved "https://registry-npm.rd.chanjet.com/is-arrayish/download/is-arrayish-0.2.1.tgz#77c99840527aa8ecb1a8ba697b80645a7a926a9d"
  integrity sha1-d8mYQFJ6qOyxqLppe4BkWnqSap0=

is-fullwidth-code-point@^3.0.0:
  version "3.0.0"
  resolved "https://registry-npm.rd.chanjet.com/is-fullwidth-code-point/download/is-fullwidth-code-point-3.0.0.tgz#f116f8064fe90b3f7844a38997c0b75051269f1d"
  integrity sha1-8Rb4Bk/pCz94RKOJl8C3UFEmnx0=

is-stream@^1.1.0:
  version "1.1.0"
  resolved "https://registry-npm.rd.chanjet.com/is-stream/download/is-stream-1.1.0.tgz#12d4a3dd4e68e0b79ceb8dbc84173ae80d91ca44"
  integrity sha1-EtSj3U5o4Lec6428hBc66A2RykQ=

isexe@^2.0.0:
  version "2.0.0"
  resolved "https://registry-npm.rd.chanjet.com/isexe/download/isexe-2.0.0.tgz#e8fbf374dc556ff8947a10dcb0572d633f2cfa10"
  integrity sha1-6PvzdNxVb/iUehDcsFctYz8s+hA=

js-tokens@^4.0.0:
  version "4.0.0"
  resolved "https://registry-npm.rd.chanjet.com/js-tokens/download/js-tokens-4.0.0.tgz#19203fb59991df98e3a287050d4647cdeaf32499"
  integrity sha1-GSA/tZmR35jjoocFDUZHzerzJJk=

js-yaml@^4.1.0:
  version "4.1.0"
  resolved "https://registry-npm.rd.chanjet.com/js-yaml/download/js-yaml-4.1.0.tgz#c1fb65f8f5017901cdd2c951864ba18458a10602"
  integrity sha1-wftl+PUBeQHN0slRhkuhhFihBgI=
  dependencies:
    argparse "^2.0.1"

jsbn@1.1.0:
  version "1.1.0"
  resolved "https://registry-npm.rd.chanjet.com/jsbn/download/jsbn-1.1.0.tgz#b01307cb29b618a1ed26ec79e911f803c4da0040"
  integrity sha1-sBMHyym2GKHtJux56RH4A8TaAEA=

json-parse-even-better-errors@^2.3.0:
  version "2.3.1"
  resolved "https://registry-npm.rd.chanjet.com/json-parse-even-better-errors/download/json-parse-even-better-errors-2.3.1.tgz#7c47805a94319928e05777405dc12e1f7a4ee02d"
  integrity sha1-fEeAWpQxmSjgV3dAXcEuH3pO4C0=

jsonfile@^4.0.0:
  version "4.0.0"
  resolved "https://registry-npm.rd.chanjet.com/jsonfile/download/jsonfile-4.0.0.tgz#8771aae0799b64076b76640fca058f9c10e33ecb"
  integrity sha1-h3Gq4HmbZAdrdmQPygWPnBDjPss=
  optionalDependencies:
    graceful-fs "^4.1.6"

lines-and-columns@^1.1.6:
  version "1.2.4"
  resolved "https://registry-npm.rd.chanjet.com/lines-and-columns/download/lines-and-columns-1.2.4.tgz#eca284f75d2965079309dc0ad9255abb2ebc1632"
  integrity sha1-7KKE910pZQeTCdwK2SVauy68FjI=

lodash.camelcase@^4.3.0:
  version "4.3.0"
  resolved "https://registry-npm.rd.chanjet.com/lodash.camelcase/download/lodash.camelcase-4.3.0.tgz#b28aa6288a2b9fc651035c7711f65ab6190331a6"
  integrity sha1-soqmKIorn8ZRA1x3EfZathkDMaY=

lru-cache@^4.0.1:
  version "4.1.5"
  resolved "https://registry-npm.rd.chanjet.com/lru-cache/download/lru-cache-4.1.5.tgz#8bbe50ea85bed59bc9e33dcab8235ee9bcf443cd"
  integrity sha1-i75Q6oW+1ZvJ4z3KuCNe6bz0Q80=
  dependencies:
    pseudomap "^1.0.2"
    yallist "^2.1.2"

lru-cache@^6.0.0:
  version "6.0.0"
  resolved "https://registry-npm.rd.chanjet.com/lru-cache/download/lru-cache-6.0.0.tgz#6d6fe6570ebd96aaf90fcad1dafa3b2566db3a94"
  integrity sha1-bW/mVw69lqr5D8rR2vo7JWbbOpQ=
  dependencies:
    yallist "^4.0.0"

lru-cache@^7.14.1:
  version "7.18.3"
  resolved "https://registry-npm.rd.chanjet.com/lru-cache/download/lru-cache-7.18.3.tgz#f793896e0fd0e954a59dfdd82f0773808df6aa89"
  integrity sha1-95OJbg/Q6VSlnf3YLwdzgI32qok=

mitt@3.0.1:
  version "3.0.1"
  resolved "https://registry-npm.rd.chanjet.com/mitt/download/mitt-3.0.1.tgz#ea36cf0cc30403601ae074c8f77b7092cdab36d1"
  integrity sha1-6jbPDMMEA2Aa4HTI93twks2rNtE=

ms@2.1.2:
  version "2.1.2"
  resolved "https://registry-npm.rd.chanjet.com/ms/download/ms-2.1.2.tgz#d09d1f357b443f493382a8eb3ccd183872ae6009"
  integrity sha1-0J0fNXtEP0kzgqjrPM0YOHKuYAk=

ms@^2.1.3:
  version "2.1.3"
  resolved "https://registry-npm.rd.chanjet.com/ms/download/ms-2.1.3.tgz#574c8138ce1d2b5861f0b44579dbadd60c6615b2"
  integrity sha1-V0yBOM4dK1hh8LRFedut1gxmFbI=

netmask@^2.0.2:
  version "2.0.2"
  resolved "https://registry-npm.rd.chanjet.com/netmask/download/netmask-2.0.2.tgz#8b01a07644065d536383835823bc52004ebac5e7"
  integrity sha1-iwGgdkQGXVNjg4NYI7xSAE66xec=

node-wifi@^2.0.16:
  version "2.0.16"
  resolved "https://registry-npm.rd.chanjet.com/node-wifi/download/node-wifi-2.0.16.tgz#1078a41ad2ab3937e7f0534a9ab7a7d554e675b3"
  integrity sha1-EHikGtKrOTfn8FNKmren1VTmdbM=
  dependencies:
    command-line-args "^5.2.0"
    command-line-usage "^6.1.1"

npm-run-path@^2.0.0:
  version "2.0.2"
  resolved "https://registry-npm.rd.chanjet.com/npm-run-path/download/npm-run-path-2.0.2.tgz#35a9232dfa35d7067b4cb2ddf2357b1871536c5f"
  integrity sha1-NakjLfo11wZ7TLLd8jV7GHFTbF8=
  dependencies:
    path-key "^2.0.0"

once@^1.3.1, once@^1.4.0:
  version "1.4.0"
  resolved "https://registry-npm.rd.chanjet.com/once/download/once-1.4.0.tgz#583b1aa775961d4b113ac17d9c50baef9dd76bd1"
  integrity sha1-WDsap3WWHUsROsF9nFC6753Xa9E=
  dependencies:
    wrappy "1"

p-finally@^1.0.0:
  version "1.0.0"
  resolved "https://registry-npm.rd.chanjet.com/p-finally/download/p-finally-1.0.0.tgz#3fbcfb15b899a44123b34b6dcc18b724336a2cae"
  integrity sha1-P7z7FbiZpEEjs0ttzBi3JDNqLK4=

pac-proxy-agent@^7.0.1:
  version "7.0.1"
  resolved "https://registry-npm.rd.chanjet.com/pac-proxy-agent/download/pac-proxy-agent-7.0.1.tgz#6b9ddc002ec3ff0ba5fdf4a8a21d363bcc612d75"
  integrity sha1-a53cAC7D/wul/fSooh02O8xhLXU=
  dependencies:
    "@tootallnate/quickjs-emscripten" "^0.23.0"
    agent-base "^7.0.2"
    debug "^4.3.4"
    get-uri "^6.0.1"
    http-proxy-agent "^7.0.0"
    https-proxy-agent "^7.0.2"
    pac-resolver "^7.0.0"
    socks-proxy-agent "^8.0.2"

pac-resolver@^7.0.0:
  version "7.0.0"
  resolved "https://registry-npm.rd.chanjet.com/pac-resolver/download/pac-resolver-7.0.0.tgz#79376f1ca26baf245b96b34c339d79bff25e900c"
  integrity sha1-eTdvHKJrryRblrNMM515v/JekAw=
  dependencies:
    degenerator "^5.0.0"
    ip "^1.1.8"
    netmask "^2.0.2"

parent-module@^1.0.0:
  version "1.0.1"
  resolved "https://registry-npm.rd.chanjet.com/parent-module/download/parent-module-1.0.1.tgz#691d2709e78c79fae3a156622452d00762caaaa2"
  integrity sha1-aR0nCeeMefrjoVZiJFLQB2LKqqI=
  dependencies:
    callsites "^3.0.0"

parse-json@^5.2.0:
  version "5.2.0"
  resolved "https://registry-npm.rd.chanjet.com/parse-json/download/parse-json-5.2.0.tgz#c76fc66dee54231c962b22bcc8a72cf2f99753cd"
  integrity sha1-x2/Gbe5UIxyWKyK8yKcs8vmXU80=
  dependencies:
    "@babel/code-frame" "^7.0.0"
    error-ex "^1.3.1"
    json-parse-even-better-errors "^2.3.0"
    lines-and-columns "^1.1.6"

path-key@^2.0.0:
  version "2.0.1"
  resolved "https://registry-npm.rd.chanjet.com/path-key/download/path-key-2.0.1.tgz#411cadb574c5a140d3a4b1910d40d80cc9f40b40"
  integrity sha1-QRyttXTFoUDTpLGRDUDYDMn0C0A=

pend@~1.2.0:
  version "1.2.0"
  resolved "https://registry-npm.rd.chanjet.com/pend/download/pend-1.2.0.tgz#7a57eb550a6783f9115331fcf4663d5c8e007a50"
  integrity sha1-elfrVQpng/kRUzH89GY9XI4AelA=

picocolors@^1.0.0:
  version "1.1.0"
  resolved "https://registry-npm.rd.chanjet.com/picocolors/download/picocolors-1.1.0.tgz#5358b76a78cde483ba5cef6a9dc9671440b27d59"
  integrity sha1-U1i3anjN5IO6XO9qnclnFECyfVk=

progress@2.0.3:
  version "2.0.3"
  resolved "https://registry-npm.rd.chanjet.com/progress/download/progress-2.0.3.tgz#7e8cf8d8f5b8f239c1bc68beb4eb78567d572ef8"
  integrity sha1-foz42PW48jnBvGi+tOt4Vn1XLvg=

proxy-agent@6.4.0:
  version "6.4.0"
  resolved "https://registry-npm.rd.chanjet.com/proxy-agent/download/proxy-agent-6.4.0.tgz#b4e2dd51dee2b377748aef8d45604c2d7608652d"
  integrity sha1-tOLdUd7is3d0iu+NRWBMLXYIZS0=
  dependencies:
    agent-base "^7.0.2"
    debug "^4.3.4"
    http-proxy-agent "^7.0.1"
    https-proxy-agent "^7.0.3"
    lru-cache "^7.14.1"
    pac-proxy-agent "^7.0.1"
    proxy-from-env "^1.1.0"
    socks-proxy-agent "^8.0.2"

proxy-from-env@^1.1.0:
  version "1.1.0"
  resolved "https://registry-npm.rd.chanjet.com/proxy-from-env/download/proxy-from-env-1.1.0.tgz#e102f16ca355424865755d2c9e8ea4f24d58c3e2"
  integrity sha1-4QLxbKNVQkhldV0sno6k8k1Yw+I=

pseudomap@^1.0.2:
  version "1.0.2"
  resolved "https://registry-npm.rd.chanjet.com/pseudomap/download/pseudomap-1.0.2.tgz#f052a28da70e618917ef0a8ac34c1ae5a68286b3"
  integrity sha1-8FKijacOYYkX7wqKw0wa5aaChrM=

pump@^3.0.0:
  version "3.0.0"
  resolved "https://registry-npm.rd.chanjet.com/pump/download/pump-3.0.0.tgz#b4a2116815bde2f4e1ea602354e8c75565107a64"
  integrity sha1-tKIRaBW94vTh6mAjVOjHVWUQemQ=
  dependencies:
    end-of-stream "^1.1.0"
    once "^1.3.1"

puppeteer-core@22.12.1:
  version "22.12.1"
  resolved "https://registry-npm.rd.chanjet.com/puppeteer-core/download/puppeteer-core-22.12.1.tgz#4dacc2e9ab127ef534a4bb4793d33f9424a5b48d"
  integrity sha1-TazC6asSfvU0pLtHk9M/lCSltI0=
  dependencies:
    "@puppeteer/browsers" "2.2.3"
    chromium-bidi "0.5.24"
    debug "^4.3.5"
    devtools-protocol "0.0.1299070"
    ws "^8.17.1"

puppeteer@^23.6.0:
  version "22.12.1"
  resolved "https://registry-npm.rd.chanjet.com/puppeteer/download/puppeteer-22.12.1.tgz#a648715c24e65a9b0cee515687d8923bfa639a67"
  integrity sha1-pkhxXCTmWpsM7lFWh9iSO/pjmmc=
  dependencies:
    "@puppeteer/browsers" "2.2.3"
    cosmiconfig "^9.0.0"
    devtools-protocol "0.0.1299070"
    puppeteer-core "22.12.1"

queue-tick@^1.0.1:
  version "1.0.1"
  resolved "https://registry-npm.rd.chanjet.com/queue-tick/download/queue-tick-1.0.1.tgz#f6f07ac82c1fd60f82e098b417a80e52f1f4c142"
  integrity sha1-9vB6yCwf1g+C4Ji0F6gOUvH0wUI=

reduce-flatten@^2.0.0:
  version "2.0.0"
  resolved "https://registry-npm.rd.chanjet.com/reduce-flatten/download/reduce-flatten-2.0.0.tgz#734fd84e65f375d7ca4465c69798c25c9d10ae27"
  integrity sha1-c0/YTmXzddfKRGXGl5jCXJ0Qric=

require-directory@^2.1.1:
  version "2.1.1"
  resolved "https://registry-npm.rd.chanjet.com/require-directory/download/require-directory-2.1.1.tgz#8c64ad5fd30dab1c976e2344ffe7f792a6a6df42"
  integrity sha1-jGStX9MNqxyXbiNE/+f3kqam30I=

resolve-from@^4.0.0:
  version "4.0.0"
  resolved "https://registry-npm.rd.chanjet.com/resolve-from/download/resolve-from-4.0.0.tgz#4abcd852ad32dd7baabfe9b40e00a36db5f392e6"
  integrity sha1-SrzYUq0y3Xuqv+m0DgCjbbXzkuY=

semver@7.6.0:
  version "7.6.0"
  resolved "https://registry-npm.rd.chanjet.com/semver/download/semver-7.6.0.tgz#1a46a4db4bffcccd97b743b5005c8325f23d4e2d"
  integrity sha1-Gkak20v/zM2Xt0O1AFyDJfI9Ti0=
  dependencies:
    lru-cache "^6.0.0"

shebang-command@^1.2.0:
  version "1.2.0"
  resolved "https://registry-npm.rd.chanjet.com/shebang-command/download/shebang-command-1.2.0.tgz#44aac65b695b03398968c39f363fee5deafdf1ea"
  integrity sha1-RKrGW2lbAzmJaMOfNj/uXer98eo=
  dependencies:
    shebang-regex "^1.0.0"

shebang-regex@^1.0.0:
  version "1.0.0"
  resolved "https://registry-npm.rd.chanjet.com/shebang-regex/download/shebang-regex-1.0.0.tgz#da42f49740c0b42db2ca9728571cb190c98efea3"
  integrity sha1-2kL0l0DAtC2yypcoVxyxkMmO/qM=

signal-exit@^3.0.0:
  version "3.0.7"
  resolved "https://registry-npm.rd.chanjet.com/signal-exit/download/signal-exit-3.0.7.tgz#a9a1767f8af84155114eaabd73f99273c8f59ad9"
  integrity sha1-qaF2f4r4QVURTqq9c/mSc8j1mtk=

smart-buffer@^4.2.0:
  version "4.2.0"
  resolved "https://registry-npm.rd.chanjet.com/smart-buffer/download/smart-buffer-4.2.0.tgz#6e1d71fa4f18c05f7d0ff216dd16a481d0e8d9ae"
  integrity sha1-bh1x+k8YwF99D/IW3RakgdDo2a4=

socks-proxy-agent@^8.0.2:
  version "8.0.4"
  resolved "https://registry-npm.rd.chanjet.com/socks-proxy-agent/download/socks-proxy-agent-8.0.4.tgz#9071dca17af95f483300316f4b063578fa0db08c"
  integrity sha1-kHHcoXr5X0gzADFvSwY1ePoNsIw=
  dependencies:
    agent-base "^7.1.1"
    debug "^4.3.4"
    socks "^2.8.3"

socks@^2.8.3:
  version "2.8.3"
  resolved "https://registry-npm.rd.chanjet.com/socks/download/socks-2.8.3.tgz#1ebd0f09c52ba95a09750afe3f3f9f724a800cb5"
  integrity sha1-Hr0PCcUrqVoJdQr+Pz+fckqADLU=
  dependencies:
    ip-address "^9.0.5"
    smart-buffer "^4.2.0"

source-map@~0.6.1:
  version "0.6.1"
  resolved "https://registry-npm.rd.chanjet.com/source-map/download/source-map-0.6.1.tgz#74722af32e9614e9c287a8d0bbde48b5e2f1a263"
  integrity sha1-dHIq8y6WFOnCh6jQu95IteLxomM=

sprintf-js@^1.1.3:
  version "1.1.3"
  resolved "https://registry-npm.rd.chanjet.com/sprintf-js/download/sprintf-js-1.1.3.tgz#4914b903a2f8b685d17fdf78a70e917e872e444a"
  integrity sha1-SRS5A6L4toXRf994pw6RfocuREo=

streamx@^2.15.0, streamx@^2.18.0:
  version "2.18.0"
  resolved "https://registry-npm.rd.chanjet.com/streamx/download/streamx-2.18.0.tgz#5bc1a51eb412a667ebfdcd4e6cf6a6fc65721ac7"
  integrity sha1-W8GlHrQSpmfr/c1ObPam/GVyGsc=
  dependencies:
    fast-fifo "^1.3.2"
    queue-tick "^1.0.1"
    text-decoder "^1.1.0"
  optionalDependencies:
    bare-events "^2.2.0"

string-width@^4.1.0, string-width@^4.2.0, string-width@^4.2.3:
  version "4.2.3"
  resolved "https://registry-npm.rd.chanjet.com/string-width/download/string-width-4.2.3.tgz#269c7117d27b05ad2e536830a8ec895ef9c6d010"
  integrity sha1-JpxxF9J7Ba0uU2gwqOyJXvnG0BA=
  dependencies:
    emoji-regex "^8.0.0"
    is-fullwidth-code-point "^3.0.0"
    strip-ansi "^6.0.1"

strip-ansi@^6.0.0, strip-ansi@^6.0.1:
  version "6.0.1"
  resolved "https://registry-npm.rd.chanjet.com/strip-ansi/download/strip-ansi-6.0.1.tgz#9e26c63d30f53443e9489495b2105d37b67a85d9"
  integrity sha1-nibGPTD1NEPpSJSVshBdN7Z6hdk=
  dependencies:
    ansi-regex "^5.0.1"

strip-eof@^1.0.0:
  version "1.0.0"
  resolved "https://registry-npm.rd.chanjet.com/strip-eof/download/strip-eof-1.0.0.tgz#bb43ff5598a6eb05d89b59fcd129c983313606bf"
  integrity sha1-u0P/VZim6wXYm1n80SnJgzE2Br8=

supports-color@^5.3.0:
  version "5.5.0"
  resolved "https://registry-npm.rd.chanjet.com/supports-color/download/supports-color-5.5.0.tgz#e2e69a44ac8772f78a1ec0b35b689df6530efc8f"
  integrity sha1-4uaaRKyHcveKHsCzW2id9lMO/I8=
  dependencies:
    has-flag "^3.0.0"

table-layout@^1.0.2:
  version "1.0.2"
  resolved "https://registry-npm.rd.chanjet.com/table-layout/download/table-layout-1.0.2.tgz#c4038a1853b0136d63365a734b6931cf4fad4a04"
  integrity sha1-xAOKGFOwE21jNlpzS2kxz0+tSgQ=
  dependencies:
    array-back "^4.0.1"
    deep-extend "~0.6.0"
    typical "^5.2.0"
    wordwrapjs "^4.0.0"

tar-fs@3.0.5:
  version "3.0.5"
  resolved "https://registry-npm.rd.chanjet.com/tar-fs/download/tar-fs-3.0.5.tgz#f954d77767e4e6edf973384e1eb95f8f81d64ed9"
  integrity sha1-+VTXd2fk5u35czhOHrlfj4HWTtk=
  dependencies:
    pump "^3.0.0"
    tar-stream "^3.1.5"
  optionalDependencies:
    bare-fs "^2.1.1"
    bare-path "^2.1.0"

tar-stream@^3.1.5:
  version "3.1.7"
  resolved "https://registry-npm.rd.chanjet.com/tar-stream/download/tar-stream-3.1.7.tgz#24b3fb5eabada19fe7338ed6d26e5f7c482e792b"
  integrity sha1-JLP7XqutoZ/nM47W0m5ffEgueSs=
  dependencies:
    b4a "^1.6.4"
    fast-fifo "^1.2.0"
    streamx "^2.15.0"

text-decoder@^1.1.0:
  version "1.1.0"
  resolved "https://registry-npm.rd.chanjet.com/text-decoder/download/text-decoder-1.1.0.tgz#3379e728fcf4d3893ec1aea35e8c2cac215ef190"
  integrity sha1-M3nnKPz004k+wa6jXowsrCFe8ZA=
  dependencies:
    b4a "^1.6.4"

through@^2.3.8:
  version "2.3.8"
  resolved "https://registry-npm.rd.chanjet.com/through/download/through-2.3.8.tgz#0dd4c9ffaabc357960b1b724115d7e0e86a2e1f5"
  integrity sha1-DdTJ/6q8NXlgsbckEV1+Doai4fU=

tslib@^2.0.1:
  version "2.8.1"
  resolved "https://registry-npm.rd.chanjet.com/tslib/download/tslib-2.8.1.tgz#612efe4ed235d567e8aba5f2a5fab70280ade83f"
  integrity sha1-YS7+TtI11Wfoq6Xypfq3AoCt6D8=

typical@^4.0.0:
  version "4.0.0"
  resolved "https://registry-npm.rd.chanjet.com/typical/download/typical-4.0.0.tgz#cbeaff3b9d7ae1e2bbfaf5a4e6f11eccfde94fc4"
  integrity sha1-y+r/O5164eK7+vWk5vEezP3pT8Q=

typical@^5.2.0:
  version "5.2.0"
  resolved "https://registry-npm.rd.chanjet.com/typical/download/typical-5.2.0.tgz#4daaac4f2b5315460804f0acf6cb69c52bb93066"
  integrity sha1-TaqsTytTFUYIBPCs9stpxSu5MGY=

unbzip2-stream@1.4.3:
  version "1.4.3"
  resolved "https://registry-npm.rd.chanjet.com/unbzip2-stream/download/unbzip2-stream-1.4.3.tgz#b0da04c4371311df771cdc215e87f2130991ace7"
  integrity sha1-sNoExDcTEd93HNwhXofyEwmRrOc=
  dependencies:
    buffer "^5.2.1"
    through "^2.3.8"

undici-types@~6.19.8:
  version "6.19.8"
  resolved "https://registry-npm.rd.chanjet.com/undici-types/download/undici-types-6.19.8.tgz#35111c9d1437ab83a7cdc0abae2f26d88eda0a02"
  integrity sha1-NREcnRQ3q4OnzcCrri8m2I7aCgI=

universalify@^0.1.0:
  version "0.1.2"
  resolved "https://registry-npm.rd.chanjet.com/universalify/download/universalify-0.1.2.tgz#b646f69be3942dabcecc9d6639c80dc105efaa66"
  integrity sha1-tkb2m+OULavOzJ1mOcgNwQXvqmY=

urlpattern-polyfill@10.0.0:
  version "10.0.0"
  resolved "https://registry-npm.rd.chanjet.com/urlpattern-polyfill/download/urlpattern-polyfill-10.0.0.tgz#f0a03a97bfb03cdf33553e5e79a2aadd22cac8ec"
  integrity sha1-8KA6l7+wPN8zVT5eeaKq3SLKyOw=

which@^1.2.9:
  version "1.3.1"
  resolved "https://registry-npm.rd.chanjet.com/which/download/which-1.3.1.tgz#a45043d54f5805316da8d62f9f50918d3da70b0a"
  integrity sha1-pFBD1U9YBTFtqNYvn1CRjT2nCwo=
  dependencies:
    isexe "^2.0.0"

wifi-name@^3.1.1:
  version "3.1.1"
  resolved "https://registry-npm.rd.chanjet.com/wifi-name/download/wifi-name-3.1.1.tgz#f3d9e97e2e716cf73c1840b744be9c591796519a"
  integrity sha1-89npfi5xbPc8GEC3RL6cWReWUZo=
  dependencies:
    execa "^0.7.0"

wordwrapjs@^4.0.0:
  version "4.0.1"
  resolved "https://registry-npm.rd.chanjet.com/wordwrapjs/download/wordwrapjs-4.0.1.tgz#d9790bccfb110a0fc7836b5ebce0937b37a8b98f"
  integrity sha1-2XkLzPsRCg/Hg2tevOCTezeouY8=
  dependencies:
    reduce-flatten "^2.0.0"
    typical "^5.2.0"

wrap-ansi@^7.0.0:
  version "7.0.0"
  resolved "https://registry-npm.rd.chanjet.com/wrap-ansi/download/wrap-ansi-7.0.0.tgz#67e145cff510a6a6984bdf1152911d69d2eb9e43"
  integrity sha1-Z+FFz/UQpqaYS98RUpEdadLrnkM=
  dependencies:
    ansi-styles "^4.0.0"
    string-width "^4.1.0"
    strip-ansi "^6.0.0"

wrappy@1:
  version "1.0.2"
  resolved "https://registry-npm.rd.chanjet.com/wrappy/download/wrappy-1.0.2.tgz#b5243d8f3ec1aa35f1364605bc0d1036e30ab69f"
  integrity sha1-tSQ9jz7BqjXxNkYFvA0QNuMKtp8=

ws@^8.17.1:
  version "8.18.0"
  resolved "https://registry-npm.rd.chanjet.com/ws/download/ws-8.18.0.tgz#0d7505a6eafe2b0e712d232b42279f53bc289bbc"
  integrity sha1-DXUFpur+Kw5xLSMrQiefU7wom7w=

y18n@^5.0.5:
  version "5.0.8"
  resolved "https://registry-npm.rd.chanjet.com/y18n/download/y18n-5.0.8.tgz#7f4934d0f7ca8c56f95314939ddcd2dd91ce1d55"
  integrity sha1-f0k00PfKjFb5UxSTndzS3ZHOHVU=

yallist@^2.1.2:
  version "2.1.2"
  resolved "https://registry-npm.rd.chanjet.com/yallist/download/yallist-2.1.2.tgz#1c11f9218f076089a47dd512f93c6699a6a81d52"
  integrity sha1-HBH5IY8HYImkfdUS+TxmmaaoHVI=

yallist@^4.0.0:
  version "4.0.0"
  resolved "https://registry-npm.rd.chanjet.com/yallist/download/yallist-4.0.0.tgz#9bb92790d9c0effec63be73519e11a35019a3a72"
  integrity sha1-m7knkNnA7/7GO+c1GeEaNQGaOnI=

yargs-parser@^21.1.1:
  version "21.1.1"
  resolved "https://registry-npm.rd.chanjet.com/yargs-parser/download/yargs-parser-21.1.1.tgz#9096bceebf990d21bb31fa9516e0ede294a77d35"
  integrity sha1-kJa87r+ZDSG7MfqVFuDt4pSnfTU=

yargs@17.7.2:
  version "17.7.2"
  resolved "https://registry-npm.rd.chanjet.com/yargs/download/yargs-17.7.2.tgz#991df39aca675a192b816e1e0363f9d75d2aa269"
  integrity sha1-mR3zmspnWhkrgW4eA2P5110qomk=
  dependencies:
    cliui "^8.0.1"
    escalade "^3.1.1"
    get-caller-file "^2.0.5"
    require-directory "^2.1.1"
    string-width "^4.2.3"
    y18n "^5.0.5"
    yargs-parser "^21.1.1"

yauzl@^2.10.0:
  version "2.10.0"
  resolved "https://registry-npm.rd.chanjet.com/yauzl/download/yauzl-2.10.0.tgz#c7eb17c93e112cb1086fa6d8e51fb0667b79a5f9"
  integrity sha1-x+sXyT4RLLEIb6bY5R+wZnt5pfk=
  dependencies:
    buffer-crc32 "~0.2.3"
    fd-slicer "~1.1.0"

zod@3.23.8:
  version "3.23.8"
  resolved "https://registry-npm.rd.chanjet.com/zod/download/zod-3.23.8.tgz#e37b957b5d52079769fb8097099b592f0ef4067d"
  integrity sha1-43uVe11SB5dp+4CXCZtZLw70Bn0=
